
Microsoft Visual Studio Solution File, Format Version 12.00
# Visual Studio 2013
VisualStudioVersion = 12.0.21005.1
MinimumVisualStudioVersion = 10.0.40219.1
Project("{FAE04EC0-301F-11D3-BF4B-00C04F79EFBC}") = "MVC_Lesson1", "MvcApplication1\MVC_Lesson1.csproj", "{A5398780-478C-46D7-94B8-A9C00EF6EA73}"
EndProject
Project("{FAE04EC0-301F-11D3-BF4B-00C04F79EFBC}") = "ConsoleApp", "ConsoleApplication1\ConsoleApp.csproj", "{20B8051E-EDB7-4C63-9249-46EEA6184603}"
EndProject
Project("{FAE04EC0-301F-11D3-BF4B-00C04F79EFBC}") = "MVC_Lesson2", "MVC_Lesson2\MVC_Lesson2.csproj", "{F0E3AD58-126C-47AF-AF87-7896D0A62CFD}"
EndProject
Project("{FAE04EC0-301F-11D3-BF4B-00C04F79EFBC}") = "LessonProject.Model", "Lesson3\LessonProject.Model\LessonProject.Model.csproj", "{52B1D9F6-C9C2-4EFF-A4F6-80AC3DF3130B}"
EndProject
Project("{FAE04EC0-301F-11D3-BF4B-00C04F79EFBC}") = "Lesson3", "Lesson3\Lesson3\Lesson3.csproj", "{E9277BEE-6B21-4AE6-B8B3-BCE324FE582C}"
EndProject
Global
	GlobalSection(SolutionConfigurationPlatforms) = preSolution
		Debug|Any CPU = Debug|Any CPU
		Release|Any CPU = Release|Any CPU
	EndGlobalSection
	GlobalSection(ProjectConfigurationPlatforms) = postSolution
		{A5398780-478C-46D7-94B8-A9C00EF6EA73}.Debug|Any CPU.ActiveCfg = Debug|Any CPU
		{A5398780-478C-46D7-94B8-A9C00EF6EA73}.Debug|Any CPU.Build.0 = Debug|Any CPU
		{A5398780-478C-46D7-94B8-A9C00EF6EA73}.Release|Any CPU.ActiveCfg = Release|Any CPU
		{A5398780-478C-46D7-94B8-A9C00EF6EA73}.Release|Any CPU.Build.0 = Release|Any CPU
		{20B8051E-EDB7-4C63-9249-46EEA6184603}.Debug|Any CPU.ActiveCfg = Debug|Any CPU
		{20B8051E-EDB7-4C63-9249-46EEA6184603}.Debug|Any CPU.Build.0 = Debug|Any CPU
		{20B8051E-EDB7-4C63-9249-46EEA6184603}.Release|Any CPU.ActiveCfg = Release|Any CPU
		{20B8051E-EDB7-4C63-9249-46EEA6184603}.Release|Any CPU.Build.0 = Release|Any CPU
		{F0E3AD58-126C-47AF-AF87-7896D0A62CFD}.Debug|Any CPU.ActiveCfg = Debug|Any CPU
		{F0E3AD58-126C-47AF-AF87-7896D0A62CFD}.Debug|Any CPU.Build.0 = Debug|Any CPU
		{F0E3AD58-126C-47AF-AF87-7896D0A62CFD}.Release|Any CPU.ActiveCfg = Release|Any CPU
		{F0E3AD58-126C-47AF-AF87-7896D0A62CFD}.Release|Any CPU.Build.0 = Release|Any CPU
		{52B1D9F6-C9C2-4EFF-A4F6-80AC3DF3130B}.Debug|Any CPU.ActiveCfg = Debug|Any CPU
		{52B1D9F6-C9C2-4EFF-A4F6-80AC3DF3130B}.Debug|Any CPU.Build.0 = Debug|Any CPU
		{52B1D9F6-C9C2-4EFF-A4F6-80AC3DF3130B}.Release|Any CPU.ActiveCfg = Release|Any CPU
		{52B1D9F6-C9C2-4EFF-A4F6-80AC3DF3130B}.Release|Any CPU.Build.0 = Release|Any CPU
		{E9277BEE-6B21-4AE6-B8B3-BCE324FE582C}.Debug|Any CPU.ActiveCfg = Debug|Any CPU
		{E9277BEE-6B21-4AE6-B8B3-BCE324FE582C}.Debug|Any CPU.Build.0 = Debug|Any CPU
		{E9277BEE-6B21-4AE6-B8B3-BCE324FE582C}.Release|Any CPU.ActiveCfg = Release|Any CPU
		{E9277BEE-6B21-4AE6-B8B3-BCE324FE582C}.Release|Any CPU.Build.0 = Release|Any CPU
	EndGlobalSection
	GlobalSection(SolutionProperties) = preSolution
		HideSolutionNode = FALSE
	EndGlobalSection
EndGlobal
