
Microsoft Visual Studio Solution File, Format Version 12.00
# Visual Studio 2013
VisualStudioVersion = 12.0.21005.1
MinimumVisualStudioVersion = 10.0.40219.1
Project("{FAE04EC0-301F-11D3-BF4B-00C04F79EFBC}") = "MVC_Lesson2", "MVC_Lesson2\MVC_Lesson2.csproj", "{F0E3AD58-126C-47AF-AF87-7896D0A62CFD}"
EndProject
Project("{FAE04EC0-301F-11D3-BF4B-00C04F79EFBC}") = "LessonProject.Model", "Lesson3\LessonProject.Model\LessonProject.Model.csproj", "{52B1D9F6-C9C2-4EFF-A4F6-80AC3DF3130B}"
EndProject
Project("{FAE04EC0-301F-11D3-BF4B-00C04F79EFBC}") = "LessonProject.Tools", "LessonProject.Tools\LessonProject.Tools.csproj", "{2B8D88CA-4946-4C95-8A62-B8F4E4C0D5CE}"
EndProject
Global
	GlobalSection(SolutionConfigurationPlatforms) = preSolution
		Debug|Any CPU = Debug|Any CPU
		Release|Any CPU = Release|Any CPU
	EndGlobalSection
	GlobalSection(ProjectConfigurationPlatforms) = postSolution
		{F0E3AD58-126C-47AF-AF87-7896D0A62CFD}.Debug|Any CPU.ActiveCfg = Debug|Any CPU
		{F0E3AD58-126C-47AF-AF87-7896D0A62CFD}.Debug|Any CPU.Build.0 = Debug|Any CPU
		{F0E3AD58-126C-47AF-AF87-7896D0A62CFD}.Release|Any CPU.ActiveCfg = Release|Any CPU
		{F0E3AD58-126C-47AF-AF87-7896D0A62CFD}.Release|Any CPU.Build.0 = Release|Any CPU
		{52B1D9F6-C9C2-4EFF-A4F6-80AC3DF3130B}.Debug|Any CPU.ActiveCfg = Debug|Any CPU
		{52B1D9F6-C9C2-4EFF-A4F6-80AC3DF3130B}.Debug|Any CPU.Build.0 = Debug|Any CPU
		{52B1D9F6-C9C2-4EFF-A4F6-80AC3DF3130B}.Release|Any CPU.ActiveCfg = Release|Any CPU
		{52B1D9F6-C9C2-4EFF-A4F6-80AC3DF3130B}.Release|Any CPU.Build.0 = Release|Any CPU
		{2B8D88CA-4946-4C95-8A62-B8F4E4C0D5CE}.Debug|Any CPU.ActiveCfg = Debug|Any CPU
		{2B8D88CA-4946-4C95-8A62-B8F4E4C0D5CE}.Debug|Any CPU.Build.0 = Debug|Any CPU
		{2B8D88CA-4946-4C95-8A62-B8F4E4C0D5CE}.Release|Any CPU.ActiveCfg = Release|Any CPU
		{2B8D88CA-4946-4C95-8A62-B8F4E4C0D5CE}.Release|Any CPU.Build.0 = Release|Any CPU
	EndGlobalSection
	GlobalSection(SolutionProperties) = preSolution
		HideSolutionNode = FALSE
	EndGlobalSection
EndGlobal
